
Microsoft Visual Studio Solution File, Format Version 12.00
# Visual Studio Version 17
VisualStudioVersion = 17.10.34916.146
MinimumVisualStudioVersion = 10.0.40219.1
Project("{8BC9CEB8-8B4A-11D0-8D11-00A0C91BC942}") = "lab2_gbn_client", "lab2_gbn_client.vcxproj", "{0564AB4C-5B58-4DC6-87AD-45091F371D63}"
EndProject
Global
	GlobalSection(SolutionConfigurationPlatforms) = preSolution
		Debug|x64 = Debug|x64
		Debug|x86 = Debug|x86
		Release|x64 = Release|x64
		Release|x86 = Release|x86
	EndGlobalSection
	GlobalSection(ProjectConfigurationPlatforms) = postSolution
		{0564AB4C-5B58-4DC6-87AD-45091F371D63}.Debug|x64.ActiveCfg = Debug|x64
		{0564AB4C-5B58-4DC6-87AD-45091F371D63}.Debug|x64.Build.0 = Debug|x64
		{0564AB4C-5B58-4DC6-87AD-45091F371D63}.Debug|x86.ActiveCfg = Debug|Win32
		{0564AB4C-5B58-4DC6-87AD-45091F371D63}.Debug|x86.Build.0 = Debug|Win32
		{0564AB4C-5B58-4DC6-87AD-45091F371D63}.Release|x64.ActiveCfg = Release|x64
		{0564AB4C-5B58-4DC6-87AD-45091F371D63}.Release|x64.Build.0 = Release|x64
		{0564AB4C-5B58-4DC6-87AD-45091F371D63}.Release|x86.ActiveCfg = Release|Win32
		{0564AB4C-5B58-4DC6-87AD-45091F371D63}.Release|x86.Build.0 = Release|Win32
	EndGlobalSection
	GlobalSection(SolutionProperties) = preSolution
		HideSolutionNode = FALSE
	EndGlobalSection
	GlobalSection(ExtensibilityGlobals) = postSolution
		SolutionGuid = {50A8D4F4-20B8-45F0-98E4-747E94AF7DE8}
	EndGlobalSection
EndGlobal
